
Microsoft Visual Studio Solution File, Format Version 12.00
# Visual Studio Version 16
VisualStudioVersion = 16.0.31424.327
MinimumVisualStudioVersion = 10.0.40219.1
Project("{FAE04EC0-301F-11D3-BF4B-00C04F79EFBC}") = "LIME_bata01", "LIME_bata01.csproj", "{B70DE0DC-612B-43B4-A65C-3FA1BC8B92E7}"
EndProject
Global
	GlobalSection(SolutionConfigurationPlatforms) = preSolution
		Debug|Any CPU = Debug|Any CPU
		Release|Any CPU = Release|Any CPU
	EndGlobalSection
	GlobalSection(ProjectConfigurationPlatforms) = postSolution
		{B70DE0DC-612B-43B4-A65C-3FA1BC8B92E7}.Debug|Any CPU.ActiveCfg = Debug|Any CPU
		{B70DE0DC-612B-43B4-A65C-3FA1BC8B92E7}.Debug|Any CPU.Build.0 = Debug|Any CPU
		{B70DE0DC-612B-43B4-A65C-3FA1BC8B92E7}.Release|Any CPU.ActiveCfg = Release|Any CPU
		{B70DE0DC-612B-43B4-A65C-3FA1BC8B92E7}.Release|Any CPU.Build.0 = Release|Any CPU
	EndGlobalSection
	GlobalSection(SolutionProperties) = preSolution
		HideSolutionNode = FALSE
	EndGlobalSection
	GlobalSection(ExtensibilityGlobals) = postSolution
		SolutionGuid = {A5965BC4-A174-446F-A458-D7F2F9C396C8}
	EndGlobalSection
EndGlobal
